dependencies:
- name: common
  repository: https://charts.bitnami.com/bitnami
  version: 2.14.1
- name: upm-ui
  repository: https://upmio.github.io/helm-charts
  version: 1.1.0
- name: upm-gateway-ms
  repository: https://upmio.github.io/helm-charts
  version: 1.1.0
- name: upm-auth-ms
  repository: https://upmio.github.io/helm-charts
  version: 1.1.0
- name: upm-user-ms
  repository: https://upmio.github.io/helm-charts
  version: 1.1.0
- name: upm-resource-ms
  repository: https://upmio.github.io/helm-charts
  version: 1.1.0
- name: upm-operatelog-ms
  repository: https://upmio.github.io/helm-charts
  version: 1.1.0
- name: upm-service-easysearch-ms
  repository: https://upmio.github.io/helm-charts
  version: 1.1.0
- name: upm-service-kafka-ms
  repository: https://upmio.github.io/helm-charts
  version: 1.1.0
- name: upm-service-zookeeper-ms
  repository: https://upmio.github.io/helm-charts
  version: 1.1.0
- name: upm-service-mysql-ms
  repository: https://upmio.github.io/helm-charts
  version: 1.1.0
digest: sha256:3d265f22c1b920134de409858a50c0ee6ae229a52594215c0b88afe0f96970c9
generated: "2024-01-18T22:54:40.961799+08:00"
