dependencies:
- name: common
  repository: https://charts.bitnami.com/bitnami
  version: 2.16.0
- name: upm-ui
  repository: https://upmio.github.io/helm-charts
  version: 1.1.0
- name: upm-gateway-ms
  repository: https://upmio.github.io/helm-charts
  version: 1.1.0
- name: upm-auth-ms
  repository: https://upmio.github.io/helm-charts
  version: 1.1.0
- name: upm-user-ms
  repository: https://upmio.github.io/helm-charts
  version: 1.1.0
- name: upm-resource-ms
  repository: https://upmio.github.io/helm-charts
  version: 1.1.0
- name: upm-operatelog-ms
  repository: https://upmio.github.io/helm-charts
  version: 1.1.0
- name: upm-service-easysearch-ms
  repository: https://upmio.github.io/helm-charts
  version: 1.1.0
- name: upm-service-elasticsearch-ms
  repository: https://upmio.github.io/helm-charts
  version: 1.1.0
- name: upm-service-kafka-ms
  repository: https://upmio.github.io/helm-charts
  version: 1.1.0
- name: upm-service-zookeeper-ms
  repository: https://upmio.github.io/helm-charts
  version: 1.1.0
- name: upm-service-mysql-ms
  repository: https://upmio.github.io/helm-charts
  version: 1.1.0
digest: sha256:15636053a02f4e3f366355c0e51a367d7a21007c7a3881cd7cab62f0f8d903a9
generated: "2024-02-19T15:30:54.930543+08:00"
