dependencies:
- name: common
  repository: https://charts.bitnami.com/bitnami
  version: 2.14.1
- name: tesseract
  repository: https://upmio.github.io/helm-charts
  version: 1.1.0
- name: scepter
  repository: https://upmio.github.io/helm-charts
  version: 1.1.0
- name: gauntlet
  repository: https://upmio.github.io/helm-charts
  version: 1.1.1
digest: sha256:e4147c3a7bce0653f24250522f05e382061cf13146edd9cac42406d39e971948
generated: "2024-01-31T16:58:13.314808818+08:00"
