dependencies:
- name: common
  repository: https://charts.bitnami.com/bitnami
  version: 2.14.1
- name: tesseract
  repository: https://upmio.github.io/helm-charts
  version: 1.1.1
- name: scepter
  repository: https://upmio.github.io/helm-charts
  version: 1.1.1
- name: gauntlet
  repository: https://upmio.github.io/helm-charts
  version: 1.1.1
digest: sha256:0d3cef4f4608d1e1dbba2cfcc970192e67022366590325634f02e2ff584462b4
generated: "2024-02-01T10:58:24.678995066+08:00"
